{
    "name": "dr-repro",
    "version": "2.1.0",
    "lockfileVersion": 2,
    "requires": true,
    "packages": {
        "": {
            "name": "dr-repro",
            "version": "2.1.0",
            "license": "MIT",
            "dependencies": {
                "@fastly/js-compute": "0.4.0",
                "@yarnpkg/lockfile": "^1.1.0"
            }
        },
        "node_modules/@fastly/js-compute": {
            "version": "0.4.0",
            "resolved": "https://registry.npmjs.org/@fastly/js-compute/-/js-compute-0.4.0.tgz",
            "integrity": "sha512-3tPiJwB19KKwtd9x5xj6cIg3v246gUol9Op6IVPDreRazOM0ceMKG9jXP57Q/3ky2BlyZ1v+3YyGH9wJYlBlng==",
            "bin": {
                "js-compute-runtime": "js-compute-runtime-cli.js"
            }
        },
        "node_modules/@yarnpkg/lockfile": {
            "version": "1.1.0",
            "resolved": "https://registry.npmjs.org/@yarnpkg/lockfile/-/lockfile-1.1.0.tgz",
            "integrity": "sha512-GpSwvyXOcOOlV70vbnzjj4fW5xW/FdUF6nQEt1ENy7m4ZCczi1+/buVUPAqmGfqznsORNFzUMjctTIp8a9tuCQ=="
        }
    },
    "dependencies": {
        "@fastly/js-compute": {
            "version": "0.4.0",
            "resolved": "https://registry.npmjs.org/@fastly/js-compute/-/js-compute-0.4.0.tgz",
            "integrity": "sha512-3tPiJwB19KKwtd9x5xj6cIg3v246gUol9Op6IVPDreRazOM0ceMKG9jXP57Q/3ky2BlyZ1v+3YyGH9wJYlBlng=="
        },
        "@yarnpkg/lockfile": {
            "version": "1.1.0",
            "resolved": "https://registry.npmjs.org/@yarnpkg/lockfile/-/lockfile-1.1.0.tgz",
            "integrity": "sha512-GpSwvyXOcOOlV70vbnzjj4fW5xW/FdUF6nQEt1ENy7m4ZCczi1+/buVUPAqmGfqznsORNFzUMjctTIp8a9tuCQ=="
        }
    }
}
